
Microsoft Visual Studio Solution File, Format Version 12.00
# Visual Studio Version 16
VisualStudioVersion = 16.0.31911.196
MinimumVisualStudioVersion = 10.0.40219.1
Project("{9A19103F-16F7-4668-BE54-9A1E7A4F7556}") = "ConsoleStockBruker", "ConsoleStockBruker\ConsoleStockBruker.csproj", "{819B80AD-8F02-4D66-9418-C69A590E6560}"
EndProject
Project("{9A19103F-16F7-4668-BE54-9A1E7A4F7556}") = "ProjectStockLibrary", "ProjectStockLibrary\ProjectStockLibrary.csproj", "{53BE34BC-3DD3-4098-B498-184936983CFF}"
EndProject
Project("{FAE04EC0-301F-11D3-BF4B-00C04F79EFBC}") = "MyStockModels", "MyStockModels\MyStockModels.csproj", "{DF8C4AA6-A607-4746-89BD-6642ED91F87B}"
EndProject
Global
	GlobalSection(SolutionConfigurationPlatforms) = preSolution
		Debug|Any CPU = Debug|Any CPU
		Release|Any CPU = Release|Any CPU
	EndGlobalSection
	GlobalSection(ProjectConfigurationPlatforms) = postSolution
		{819B80AD-8F02-4D66-9418-C69A590E6560}.Debug|Any CPU.ActiveCfg = Debug|Any CPU
		{819B80AD-8F02-4D66-9418-C69A590E6560}.Debug|Any CPU.Build.0 = Debug|Any CPU
		{819B80AD-8F02-4D66-9418-C69A590E6560}.Release|Any CPU.ActiveCfg = Release|Any CPU
		{819B80AD-8F02-4D66-9418-C69A590E6560}.Release|Any CPU.Build.0 = Release|Any CPU
		{53BE34BC-3DD3-4098-B498-184936983CFF}.Debug|Any CPU.ActiveCfg = Debug|Any CPU
		{53BE34BC-3DD3-4098-B498-184936983CFF}.Debug|Any CPU.Build.0 = Debug|Any CPU
		{53BE34BC-3DD3-4098-B498-184936983CFF}.Release|Any CPU.ActiveCfg = Release|Any CPU
		{53BE34BC-3DD3-4098-B498-184936983CFF}.Release|Any CPU.Build.0 = Release|Any CPU
		{DF8C4AA6-A607-4746-89BD-6642ED91F87B}.Debug|Any CPU.ActiveCfg = Debug|Any CPU
		{DF8C4AA6-A607-4746-89BD-6642ED91F87B}.Debug|Any CPU.Build.0 = Debug|Any CPU
		{DF8C4AA6-A607-4746-89BD-6642ED91F87B}.Release|Any CPU.ActiveCfg = Release|Any CPU
		{DF8C4AA6-A607-4746-89BD-6642ED91F87B}.Release|Any CPU.Build.0 = Release|Any CPU
	EndGlobalSection
	GlobalSection(SolutionProperties) = preSolution
		HideSolutionNode = FALSE
	EndGlobalSection
	GlobalSection(ExtensibilityGlobals) = postSolution
		SolutionGuid = {FAB33405-D29B-4692-8490-AB8E177BA304}
	EndGlobalSection
EndGlobal
